
Microsoft Visual Studio Solution File, Format Version 12.00
# Visual Studio Version 16
VisualStudioVersion = 16.0.31402.337
MinimumVisualStudioVersion = 10.0.40219.1
Project("{FAE04EC0-301F-11D3-BF4B-00C04F79EFBC}") = "composition1-csharp", "composition1-csharp\composition1-csharp.csproj", "{56FFE09E-C1A6-4566-9A05-673202A0B214}"
EndProject
Global
	GlobalSection(SolutionConfigurationPlatforms) = preSolution
		Debug|Any CPU = Debug|Any CPU
		Release|Any CPU = Release|Any CPU
	EndGlobalSection
	GlobalSection(ProjectConfigurationPlatforms) = postSolution
		{56FFE09E-C1A6-4566-9A05-673202A0B214}.Debug|Any CPU.ActiveCfg = Debug|Any CPU
		{56FFE09E-C1A6-4566-9A05-673202A0B214}.Debug|Any CPU.Build.0 = Debug|Any CPU
		{56FFE09E-C1A6-4566-9A05-673202A0B214}.Release|Any CPU.ActiveCfg = Release|Any CPU
		{56FFE09E-C1A6-4566-9A05-673202A0B214}.Release|Any CPU.Build.0 = Release|Any CPU
	EndGlobalSection
	GlobalSection(SolutionProperties) = preSolution
		HideSolutionNode = FALSE
	EndGlobalSection
	GlobalSection(ExtensibilityGlobals) = postSolution
		SolutionGuid = {E6D72BF7-5585-4FAA-9B35-0CFE392CA988}
	EndGlobalSection
EndGlobal
